
Microsoft Visual Studio Solution File, Format Version 12.00
# Visual Studio 2012
Project("{FAE04EC0-301F-11D3-BF4B-00C04F79EFBC}") = "BookStore.iOS", "BookStore.iOS\BookStore.iOS.csproj", "{A47911C8-8855-4393-87A6-BD2BE85C51EE}"
EndProject
Project("{FAE04EC0-301F-11D3-BF4B-00C04F79EFBC}") = "BookStore.Droid", "BookStore.Droid\BookStore.Droid.csproj", "{FE88249D-DB91-4339-B3AF-D56C7A852478}"
EndProject
Global
	GlobalSection(SolutionConfigurationPlatforms) = preSolution
		Debug|iPhoneSimulator = Debug|iPhoneSimulator
		Release|iPhone = Release|iPhone
		Release|iPhoneSimulator = Release|iPhoneSimulator
		Debug|iPhone = Debug|iPhone
	EndGlobalSection
	GlobalSection(ProjectConfigurationPlatforms) = postSolution
		{A47911C8-8855-4393-87A6-BD2BE85C51EE}.Debug|iPhoneSimulator.ActiveCfg = Debug|iPhoneSimulator
		{A47911C8-8855-4393-87A6-BD2BE85C51EE}.Debug|iPhoneSimulator.Build.0 = Debug|iPhoneSimulator
		{A47911C8-8855-4393-87A6-BD2BE85C51EE}.Release|iPhone.ActiveCfg = Release|iPhone
		{A47911C8-8855-4393-87A6-BD2BE85C51EE}.Release|iPhone.Build.0 = Release|iPhone
		{A47911C8-8855-4393-87A6-BD2BE85C51EE}.Release|iPhoneSimulator.ActiveCfg = Release|iPhoneSimulator
		{A47911C8-8855-4393-87A6-BD2BE85C51EE}.Release|iPhoneSimulator.Build.0 = Release|iPhoneSimulator
		{A47911C8-8855-4393-87A6-BD2BE85C51EE}.Debug|iPhone.ActiveCfg = Debug|iPhone
		{A47911C8-8855-4393-87A6-BD2BE85C51EE}.Debug|iPhone.Build.0 = Debug|iPhone
		{FE88249D-DB91-4339-B3AF-D56C7A852478}.Debug|iPhoneSimulator.ActiveCfg = Debug|Any CPU
		{FE88249D-DB91-4339-B3AF-D56C7A852478}.Debug|iPhoneSimulator.Build.0 = Debug|Any CPU
		{FE88249D-DB91-4339-B3AF-D56C7A852478}.Release|iPhone.ActiveCfg = Release|Any CPU
		{FE88249D-DB91-4339-B3AF-D56C7A852478}.Release|iPhone.Build.0 = Release|Any CPU
		{FE88249D-DB91-4339-B3AF-D56C7A852478}.Release|iPhoneSimulator.ActiveCfg = Release|Any CPU
		{FE88249D-DB91-4339-B3AF-D56C7A852478}.Release|iPhoneSimulator.Build.0 = Release|Any CPU
		{FE88249D-DB91-4339-B3AF-D56C7A852478}.Debug|iPhone.ActiveCfg = Debug|Any CPU
		{FE88249D-DB91-4339-B3AF-D56C7A852478}.Debug|iPhone.Build.0 = Debug|Any CPU
	EndGlobalSection
EndGlobal
